
Microsoft Visual Studio Solution File, Format Version 12.00
# Visual Studio 15
VisualStudioVersion = 15.0.26430.15
MinimumVisualStudioVersion = 10.0.40219.1
Project("{FAE04EC0-301F-11D3-BF4B-00C04F79EFBC}") = "GbyGNg", "GbyGNg\GbyGNg.csproj", "{ADCE61E0-4F15-4C0E-906D-6EE6DE7BB065}"
EndProject
Project("{00D1A9C2-B5F0-4AF3-8072-F6C62B433612}") = "GbyG", "GbyG\GbyG.sqlproj", "{16DDBCBF-39B4-4AF8-892B-CF2656DFE594}"
EndProject
Global
	GlobalSection(SolutionConfigurationPlatforms) = preSolution
		Debug|Any CPU = Debug|Any CPU
		Release|Any CPU = Release|Any CPU
	EndGlobalSection
	GlobalSection(ProjectConfigurationPlatforms) = postSolution
		{ADCE61E0-4F15-4C0E-906D-6EE6DE7BB065}.Debug|Any CPU.ActiveCfg = Debug|Any CPU
		{ADCE61E0-4F15-4C0E-906D-6EE6DE7BB065}.Debug|Any CPU.Build.0 = Debug|Any CPU
		{ADCE61E0-4F15-4C0E-906D-6EE6DE7BB065}.Release|Any CPU.ActiveCfg = Release|Any CPU
		{ADCE61E0-4F15-4C0E-906D-6EE6DE7BB065}.Release|Any CPU.Build.0 = Release|Any CPU
		{16DDBCBF-39B4-4AF8-892B-CF2656DFE594}.Debug|Any CPU.ActiveCfg = Debug|Any CPU
		{16DDBCBF-39B4-4AF8-892B-CF2656DFE594}.Debug|Any CPU.Build.0 = Debug|Any CPU
		{16DDBCBF-39B4-4AF8-892B-CF2656DFE594}.Debug|Any CPU.Deploy.0 = Debug|Any CPU
		{16DDBCBF-39B4-4AF8-892B-CF2656DFE594}.Release|Any CPU.ActiveCfg = Release|Any CPU
		{16DDBCBF-39B4-4AF8-892B-CF2656DFE594}.Release|Any CPU.Build.0 = Release|Any CPU
		{16DDBCBF-39B4-4AF8-892B-CF2656DFE594}.Release|Any CPU.Deploy.0 = Release|Any CPU
	EndGlobalSection
	GlobalSection(SolutionProperties) = preSolution
		HideSolutionNode = FALSE
	EndGlobalSection
EndGlobal
